// !$*UTF8*$!
{
	archiveVersion = 1;
	classes = {
	};
	objectVersion = 63;
	objects = {

/* Begin PBXBuildFile section */
		8372DCDA2BEA932600F61C34 /* DrWeatherApp.swift in Sources */ = {isa = PBXBuildFile; fileRef = 8372DCD92BEA932600F61C34 /* DrWeatherApp.swift */; };
		8372DCDC2BEA932600F61C34 /* ContentView.swift in Sources */ = {isa = PBXBuildFile; fileRef = 8372DCDB2BEA932600F61C34 /* ContentView.swift */; };
		8372DCDE2BEA932700F61C34 /* Assets.xcassets in Resources */ = {isa = PBXBuildFile; fileRef = 8372DCDD2BEA932700F61C34 /* Assets.xcassets */; };
		8372DCE12BEA932700F61C34 /* Preview Assets.xcassets in Resources */ = {isa = PBXBuildFile; fileRef = 8372DCE02BEA932700F61C34 /* Preview Assets.xcassets */; };
		8372DCE82BEA942300F61C34 /* LocationManager.swift in Sources */ = {isa = PBXBuildFile; fileRef = 8372DCE72BEA942300F61C34 /* LocationManager.swift */; };
		8372DCEA2BEA966500F61C34 /* WelcomeView.swift in Sources */ = {isa = PBXBuildFile; fileRef = 8372DCE92BEA966500F61C34 /* WelcomeView.swift */; };
		8372DCEC2BEA97D600F61C34 /* LoadingView.swift in Sources */ = {isa = PBXBuildFile; fileRef = 8372DCEB2BEA97D600F61C34 /* LoadingView.swift */; };
		8372DCEE2BEA98A200F61C34 /* WeatherManager.swift in Sources */ = {isa = PBXBuildFile; fileRef = 8372DCED2BEA98A200F61C34 /* WeatherManager.swift */; };
		8372DCF02BEA9A8900F61C34 /* WeatherView.swift in Sources */ = {isa = PBXBuildFile; fileRef = 8372DCEF2BEA9A8900F61C34 /* WeatherView.swift */; };
		8372DCF22BEA9AF900F61C34 /* ModelData.swift in Sources */ = {isa = PBXBuildFile; fileRef = 8372DCF12BEA9AF900F61C34 /* ModelData.swift */; };
		8372DCF42BEA9CD400F61C34 /* WeatherData.json in Resources */ = {isa = PBXBuildFile; fileRef = 8372DCF32BEA9CD400F61C34 /* WeatherData.json */; };
		8372DCF62BEA9FCB00F61C34 /* Extensions.swift in Sources */ = {isa = PBXBuildFile; fileRef = 8372DCF52BEA9FCB00F61C34 /* Extensions.swift */; };
		8372DCF82BEAA6A300F61C34 /* WeatherRow.swift in Sources */ = {isa = PBXBuildFile; fileRef = 8372DCF72BEAA6A300F61C34 /* WeatherRow.swift */; };
/* End PBXBuildFile section */

/* Begin PBXFileReference section */
		8372DCD62BEA932600F61C34 /* DrWeather.app */ = {isa = PBXFileReference; explicitFileType = wrapper.application; includeInIndex = 0; path = DrWeather.app; sourceTree = BUILT_PRODUCTS_DIR; };
		8372DCD92BEA932600F61C34 /* DrWeatherApp.swift */ = {isa = PBXFileReference; lastKnownFileType = sourcecode.swift; path = DrWeatherApp.swift; sourceTree = "<group>"; };
		8372DCDB2BEA932600F61C34 /* ContentView.swift */ = {isa = PBXFileReference; lastKnownFileType = sourcecode.swift; path = ContentView.swift; sourceTree = "<group>"; };
		8372DCDD2BEA932700F61C34 /* Assets.xcassets */ = {isa = PBXFileReference; lastKnownFileType = folder.assetcatalog; path = Assets.xcassets; sourceTree = "<group>"; };
		8372DCE02BEA932700F61C34 /* Preview Assets.xcassets */ = {isa = PBXFileReference; lastKnownFileType = folder.assetcatalog; path = "Preview Assets.xcassets"; sourceTree = "<group>"; };
		8372DCE72BEA942300F61C34 /* LocationManager.swift */ = {isa = PBXFileReference; lastKnownFileType = sourcecode.swift; path = LocationManager.swift; sourceTree = "<group>"; };
		8372DCE92BEA966500F61C34 /* WelcomeView.swift */ = {isa = PBXFileReference; lastKnownFileType = sourcecode.swift; path = WelcomeView.swift; sourceTree = "<group>"; };
		8372DCEB2BEA97D600F61C34 /* LoadingView.swift */ = {isa = PBXFileReference; lastKnownFileType = sourcecode.swift; path = LoadingView.swift; sourceTree = "<group>"; };
		8372DCED2BEA98A200F61C34 /* WeatherManager.swift */ = {isa = PBXFileReference; lastKnownFileType = sourcecode.swift; path = WeatherManager.swift; sourceTree = "<group>"; };
		8372DCEF2BEA9A8900F61C34 /* WeatherView.swift */ = {isa = PBXFileReference; lastKnownFileType = sourcecode.swift; path = WeatherView.swift; sourceTree = "<group>"; };
		8372DCF12BEA9AF900F61C34 /* ModelData.swift */ = {isa = PBXFileReference; lastKnownFileType = sourcecode.swift; path = ModelData.swift; sourceTree = "<group>"; };
		8372DCF32BEA9CD400F61C34 /* WeatherData.json */ = {isa = PBXFileReference; lastKnownFileType = text.json; path = WeatherData.json; sourceTree = "<group>"; };
		8372DCF52BEA9FCB00F61C34 /* Extensions.swift */ = {isa = PBXFileReference; lastKnownFileType = sourcecode.swift; path = Extensions.swift; sourceTree = "<group>"; };
		8372DCF72BEAA6A300F61C34 /* WeatherRow.swift */ = {isa = PBXFileReference; lastKnownFileType = sourcecode.swift; path = WeatherRow.swift; sourceTree = "<group>"; };
/* End PBXFileReference section */

/* Begin PBXFrameworksBuildPhase section */
		8372DCD32BEA932600F61C34 /* Frameworks */ = {
			isa = PBXFrameworksBuildPhase;
			buildActionMask = 2147483647;
			files = (
			);
			runOnlyForDeploymentPostprocessing = 0;
		};
/* End PBXFrameworksBuildPhase section */

/* Begin PBXGroup section */
		832688DF2BEAE3E9005DB79A /* Views */ = {
			isa = PBXGroup;
			children = (
				8372DCDB2BEA932600F61C34 /* ContentView.swift */,
				8372DCEB2BEA97D600F61C34 /* LoadingView.swift */,
				8372DCEF2BEA9A8900F61C34 /* WeatherView.swift */,
				8372DCE92BEA966500F61C34 /* WelcomeView.swift */,
			);
			path = Views;
			sourceTree = "<group>";
		};
		832688E02BEAE3F4005DB79A /* Managers */ = {
			isa = PBXGroup;
			children = (
				8372DCE72BEA942300F61C34 /* LocationManager.swift */,
				8372DCED2BEA98A200F61C34 /* WeatherManager.swift */,
			);
			path = Managers;
			sourceTree = "<group>";
		};
		8372DCCD2BEA932600F61C34 = {
			isa = PBXGroup;
			children = (
				8372DCD82BEA932600F61C34 /* DrWeather */,
				8372DCD72BEA932600F61C34 /* Products */,
			);
			sourceTree = "<group>";
		};
		8372DCD72BEA932600F61C34 /* Products */ = {
			isa = PBXGroup;
			children = (
				8372DCD62BEA932600F61C34 /* DrWeather.app */,
			);
			name = Products;
			sourceTree = "<group>";
		};
		8372DCD82BEA932600F61C34 /* DrWeather */ = {
			isa = PBXGroup;
			children = (
				8372DCD92BEA932600F61C34 /* DrWeatherApp.swift */,
				8372DCF52BEA9FCB00F61C34 /* Extensions.swift */,
				8372DCF72BEAA6A300F61C34 /* WeatherRow.swift */,
				8372DCDD2BEA932700F61C34 /* Assets.xcassets */,
				832688E02BEAE3F4005DB79A /* Managers */,
				8372DCDF2BEA932700F61C34 /* Preview Content */,
				832688DF2BEAE3E9005DB79A /* Views */,
			);
			path = DrWeather;
			sourceTree = "<group>";
		};
		8372DCDF2BEA932700F61C34 /* Preview Content */ = {
			isa = PBXGroup;
			children = (
				8372DCE02BEA932700F61C34 /* Preview Assets.xcassets */,
				8372DCF12BEA9AF900F61C34 /* ModelData.swift */,
				8372DCF32BEA9CD400F61C34 /* WeatherData.json */,
			);
			path = "Preview Content";
			sourceTree = "<group>";
		};
/* End PBXGroup section */

/* Begin PBXNativeTarget section */
		8372DCD52BEA932600F61C34 /* DrWeather */ = {
			isa = PBXNativeTarget;
			buildConfigurationList = 8372DCE42BEA932700F61C34 /* Build configuration list for PBXNativeTarget "DrWeather" */;
			buildPhases = (
				8372DCD22BEA932600F61C34 /* Sources */,
				8372DCD32BEA932600F61C34 /* Frameworks */,
				8372DCD42BEA932600F61C34 /* Resources */,
			);
			buildRules = (
			);
			dependencies = (
			);
			name = DrWeather;
			productName = DrWeather;
			productReference = 8372DCD62BEA932600F61C34 /* DrWeather.app */;
			productType = "com.apple.product-type.application";
		};
/* End PBXNativeTarget section */

/* Begin PBXProject section */
		8372DCCE2BEA932600F61C34 /* Project object */ = {
			isa = PBXProject;
			attributes = {
				BuildIndependentTargetsInParallel = 1;
				LastSwiftUpdateCheck = 1530;
				LastUpgradeCheck = 1530;
				TargetAttributes = {
					8372DCD52BEA932600F61C34 = {
						CreatedOnToolsVersion = 15.3;
					};
				};
			};
			buildConfigurationList = 8372DCD12BEA932600F61C34 /* Build configuration list for PBXProject "DrWeather" */;
			compatibilityVersion = "Xcode 15.3";
			developmentRegion = en;
			hasScannedForEncodings = 0;
			knownRegions = (
				en,
				Base,
			);
			mainGroup = 8372DCCD2BEA932600F61C34;
			productRefGroup = 8372DCD72BEA932600F61C34 /* Products */;
			projectDirPath = "";
			projectRoot = "";
			targets = (
				8372DCD52BEA932600F61C34 /* DrWeather */,
			);
		};
/* End PBXProject section */

/* Begin PBXResourcesBuildPhase section */
		8372DCD42BEA932600F61C34 /* Resources */ = {
			isa = PBXResourcesBuildPhase;
			buildActionMask = 2147483647;
			files = (
				8372DCF42BEA9CD400F61C34 /* WeatherData.json in Resources */,
				8372DCE12BEA932700F61C34 /* Preview Assets.xcassets in Resources */,
				8372DCDE2BEA932700F61C34 /* Assets.xcassets in Resources */,
			);
			runOnlyForDeploymentPostprocessing = 0;
		};
/* End PBXResourcesBuildPhase section */

/* Begin PBXSourcesBuildPhase section */
		8372DCD22BEA932600F61C34 /* Sources */ = {
			isa = PBXSourcesBuildPhase;
			buildActionMask = 2147483647;
			files = (
				8372DCDC2BEA932600F61C34 /* ContentView.swift in Sources */,
				8372DCF62BEA9FCB00F61C34 /* Extensions.swift in Sources */,
				8372DCDA2BEA932600F61C34 /* DrWeatherApp.swift in Sources */,
				8372DCE82BEA942300F61C34 /* LocationManager.swift in Sources */,
				8372DCEE2BEA98A200F61C34 /* WeatherManager.swift in Sources */,
				8372DCF82BEAA6A300F61C34 /* WeatherRow.swift in Sources */,
				8372DCEC2BEA97D600F61C34 /* LoadingView.swift in Sources */,
				8372DCF22BEA9AF900F61C34 /* ModelData.swift in Sources */,
				8372DCF02BEA9A8900F61C34 /* WeatherView.swift in Sources */,
				8372DCEA2BEA966500F61C34 /* WelcomeView.swift in Sources */,
			);
			runOnlyForDeploymentPostprocessing = 0;
		};
/* End PBXSourcesBuildPhase section */

/* Begin XCBuildConfiguration section */
		8372DCE22BEA932700F61C34 /* Debug */ = {
			isa = XCBuildConfiguration;
			buildSettings = {
				ALWAYS_SEARCH_USER_PATHS = NO;
				ASSETCATALOG_COMPILER_GENERATE_SWIFT_ASSET_SYMBOL_EXTENSIONS = YES;
				CLANG_ANALYZER_NONNULL = YES;
				CLANG_ANALYZER_NUMBER_OBJECT_CONVERSION = YES_AGGRESSIVE;
				CLANG_CXX_LANGUAGE_STANDARD = "gnu++20";
				CLANG_ENABLE_MODULES = YES;
				CLANG_ENABLE_OBJC_ARC = YES;
				CLANG_ENABLE_OBJC_WEAK = YES;
				CLANG_WARN_BLOCK_CAPTURE_AUTORELEASING = YES;
				CLANG_WARN_BOOL_CONVERSION = YES;
				CLANG_WARN_COMMA = YES;
				CLANG_WARN_CONSTANT_CONVERSION = YES;
				CLANG_WARN_DEPRECATED_OBJC_IMPLEMENTATIONS = YES;
				CLANG_WARN_DIRECT_OBJC_ISA_USAGE = YES_ERROR;
				CLANG_WARN_DOCUMENTATION_COMMENTS = YES;
				CLANG_WARN_EMPTY_BODY = YES;
				CLANG_WARN_ENUM_CONVERSION = YES;
				CLANG_WARN_INFINITE_RECURSION = YES;
				CLANG_WARN_INT_CONVERSION = YES;
				CLANG_WARN_NON_LITERAL_NULL_CONVERSION = YES;
				CLANG_WARN_OBJC_IMPLICIT_RETAIN_SELF = YES;
				CLANG_WARN_OBJC_LITERAL_CONVERSION = YES;
				CLANG_WARN_OBJC_ROOT_CLASS = YES_ERROR;
				CLANG_WARN_QUOTED_INCLUDE_IN_FRAMEWORK_HEADER = YES;
				CLANG_WARN_RANGE_LOOP_ANALYSIS = YES;
				CLANG_WARN_STRICT_PROTOTYPES = YES;
				CLANG_WARN_SUSPICIOUS_MOVE = YES;
				CLANG_WARN_UNGUARDED_AVAILABILITY = YES_AGGRESSIVE;
				CLANG_WARN_UNREACHABLE_CODE = YES;
				CLANG_WARN__DUPLICATE_METHOD_MATCH = YES;
				COPY_PHASE_STRIP = NO;
				DEBUG_INFORMATION_FORMAT = dwarf;
				ENABLE_STRICT_OBJC_MSGSEND = YES;
				ENABLE_TESTABILITY = YES;
				ENABLE_USER_SCRIPT_SANDBOXING = YES;
				GCC_C_LANGUAGE_STANDARD = gnu17;
				GCC_DYNAMIC_NO_PIC = NO;
				GCC_NO_COMMON_BLOCKS = YES;
				GCC_OPTIMIZATION_LEVEL = 0;
				GCC_PREPROCESSOR_DEFINITIONS = (
					"DEBUG=1",
					"$(inherited)",
				);
				GCC_WARN_64_TO_32_BIT_CONVERSION = YES;
				GCC_WARN_ABOUT_RETURN_TYPE = YES_ERROR;
				GCC_WARN_UNDECLARED_SELECTOR = YES;
				GCC_WARN_UNINITIALIZED_AUTOS = YES_AGGRESSIVE;
				GCC_WARN_UNUSED_FUNCTION = YES;
				GCC_WARN_UNUSED_VARIABLE = YES;
				IPHONEOS_DEPLOYMENT_TARGET = 17.4;
				LOCALIZATION_PREFERS_STRING_CATALOGS = YES;
				MTL_ENABLE_DEBUG_INFO = INCLUDE_SOURCE;
				MTL_FAST_MATH = YES;
				ONLY_ACTIVE_ARCH = YES;
				SDKROOT = iphoneos;
				SWIFT_ACTIVE_COMPILATION_CONDITIONS = "DEBUG $(inherited)";
				SWIFT_OPTIMIZATION_LEVEL = "-Onone";
			};
			name = Debug;
		};
		8372DCE32BEA932700F61C34 /* Release */ = {
			isa = XCBuildConfiguration;
			buildSettings = {
				ALWAYS_SEARCH_USER_PATHS = NO;
				ASSETCATALOG_COMPILER_GENERATE_SWIFT_ASSET_SYMBOL_EXTENSIONS = YES;
				CLANG_ANALYZER_NONNULL = YES;
				CLANG_ANALYZER_NUMBER_OBJECT_CONVERSION = YES_AGGRESSIVE;
				CLANG_CXX_LANGUAGE_STANDARD = "gnu++20";
				CLANG_ENABLE_MODULES = YES;
				CLANG_ENABLE_OBJC_ARC = YES;
				CLANG_ENABLE_OBJC_WEAK = YES;
				CLANG_WARN_BLOCK_CAPTURE_AUTORELEASING = YES;
				CLANG_WARN_BOOL_CONVERSION = YES;
				CLANG_WARN_COMMA = YES;
				CLANG_WARN_CONSTANT_CONVERSION = YES;
				CLANG_WARN_DEPRECATED_OBJC_IMPLEMENTATIONS = YES;
				CLANG_WARN_DIRECT_OBJC_ISA_USAGE = YES_ERROR;
				CLANG_WARN_DOCUMENTATION_COMMENTS = YES;
				CLANG_WARN_EMPTY_BODY = YES;
				CLANG_WARN_ENUM_CONVERSION = YES;
				CLANG_WARN_INFINITE_RECURSION = YES;
				CLANG_WARN_INT_CONVERSION = YES;
				CLANG_WARN_NON_LITERAL_NULL_CONVERSION = YES;
				CLANG_WARN_OBJC_IMPLICIT_RETAIN_SELF = YES;
				CLANG_WARN_OBJC_LITERAL_CONVERSION = YES;
				CLANG_WARN_OBJC_ROOT_CLASS = YES_ERROR;
				CLANG_WARN_QUOTED_INCLUDE_IN_FRAMEWORK_HEADER = YES;
				CLANG_WARN_RANGE_LOOP_ANALYSIS = YES;
				CLANG_WARN_STRICT_PROTOTYPES = YES;
				CLANG_WARN_SUSPICIOUS_MOVE = YES;
				CLANG_WARN_UNGUARDED_AVAILABILITY = YES_AGGRESSIVE;
				CLANG_WARN_UNREACHABLE_CODE = YES;
				CLANG_WARN__DUPLICATE_METHOD_MATCH = YES;
				COPY_PHASE_STRIP = NO;
				DEBUG_INFORMATION_FORMAT = "dwarf-with-dsym";
				ENABLE_NS_ASSERTIONS = NO;
				ENABLE_STRICT_OBJC_MSGSEND = YES;
				ENABLE_USER_SCRIPT_SANDBOXING = YES;
				GCC_C_LANGUAGE_STANDARD = gnu17;
				GCC_NO_COMMON_BLOCKS = YES;
				GCC_WARN_64_TO_32_BIT_CONVERSION = YES;
				GCC_WARN_ABOUT_RETURN_TYPE = YES_ERROR;
				GCC_WARN_UNDECLARED_SELECTOR = YES;
				GCC_WARN_UNINITIALIZED_AUTOS = YES_AGGRESSIVE;
				GCC_WARN_UNUSED_FUNCTION = YES;
				GCC_WARN_UNUSED_VARIABLE = YES;
				IPHONEOS_DEPLOYMENT_TARGET = 17.4;
				LOCALIZATION_PREFERS_STRING_CATALOGS = YES;
				MTL_ENABLE_DEBUG_INFO = NO;
				MTL_FAST_MATH = YES;
				SDKROOT = iphoneos;
				SWIFT_COMPILATION_MODE = wholemodule;
				VALIDATE_PRODUCT = YES;
			};
			name = Release;
		};
		8372DCE52BEA932700F61C34 /* Debug */ = {
			isa = XCBuildConfiguration;
			buildSettings = {
				ASSETCATALOG_COMPILER_APPICON_NAME = AppIcon;
				ASSETCATALOG_COMPILER_GLOBAL_ACCENT_COLOR_NAME = AccentColor;
				CODE_SIGN_STYLE = Automatic;
				CURRENT_PROJECT_VERSION = 1;
				DEVELOPMENT_ASSET_PATHS = "\"DrWeather/Preview Content\"";
				DEVELOPMENT_TEAM = RND8PJGVXA;
				ENABLE_PREVIEWS = YES;
				GENERATE_INFOPLIST_FILE = YES;
				INFOPLIST_KEY_CFBundleDisplayName = "Dr. Weather";
				INFOPLIST_KEY_LSApplicationCategoryType = "public.app-category.weather";
				INFOPLIST_KEY_UIApplicationSceneManifest_Generation = YES;
				INFOPLIST_KEY_UIApplicationSupportsIndirectInputEvents = YES;
				INFOPLIST_KEY_UILaunchScreen_Generation = YES;
				INFOPLIST_KEY_UISupportedInterfaceOrientations_iPad = "UIInterfaceOrientationPortrait UIInterfaceOrientationPortraitUpsideDown UIInterfaceOrientationLandscapeLeft UIInterfaceOrientationLandscapeRight";
				INFOPLIST_KEY_UISupportedInterfaceOrientations_iPhone = "UIInterfaceOrientationPortrait UIInterfaceOrientationLandscapeLeft UIInterfaceOrientationLandscapeRight";
				LD_RUNPATH_SEARCH_PATHS = (
					"$(inherited)",
					"@executable_path/Frameworks",
				);
				MARKETING_VERSION = 1.0;
				PRODUCT_BUNDLE_IDENTIFIER = com.ChrisRea.DrWeather;
				PRODUCT_NAME = "$(TARGET_NAME)";
				SWIFT_EMIT_LOC_STRINGS = YES;
				SWIFT_VERSION = 5.0;
				TARGETED_DEVICE_FAMILY = "1,2";
			};
			name = Debug;
		};
		8372DCE62BEA932700F61C34 /* Release */ = {
			isa = XCBuildConfiguration;
			buildSettings = {
				ASSETCATALOG_COMPILER_APPICON_NAME = AppIcon;
				ASSETCATALOG_COMPILER_GLOBAL_ACCENT_COLOR_NAME = AccentColor;
				CODE_SIGN_STYLE = Automatic;
				CURRENT_PROJECT_VERSION = 1;
				DEVELOPMENT_ASSET_PATHS = "\"DrWeather/Preview Content\"";
				DEVELOPMENT_TEAM = RND8PJGVXA;
				ENABLE_PREVIEWS = YES;
				GENERATE_INFOPLIST_FILE = YES;
				INFOPLIST_KEY_CFBundleDisplayName = "Dr. Weather";
				INFOPLIST_KEY_LSApplicationCategoryType = "public.app-category.weather";
				INFOPLIST_KEY_UIApplicationSceneManifest_Generation = YES;
				INFOPLIST_KEY_UIApplicationSupportsIndirectInputEvents = YES;
				INFOPLIST_KEY_UILaunchScreen_Generation = YES;
				INFOPLIST_KEY_UISupportedInterfaceOrientations_iPad = "UIInterfaceOrientationPortrait UIInterfaceOrientationPortraitUpsideDown UIInterfaceOrientationLandscapeLeft UIInterfaceOrientationLandscapeRight";
				INFOPLIST_KEY_UISupportedInterfaceOrientations_iPhone = "UIInterfaceOrientationPortrait UIInterfaceOrientationLandscapeLeft UIInterfaceOrientationLandscapeRight";
				LD_RUNPATH_SEARCH_PATHS = (
					"$(inherited)",
					"@executable_path/Frameworks",
				);
				MARKETING_VERSION = 1.0;
				PRODUCT_BUNDLE_IDENTIFIER = com.ChrisRea.DrWeather;
				PRODUCT_NAME = "$(TARGET_NAME)";
				SWIFT_EMIT_LOC_STRINGS = YES;
				SWIFT_VERSION = 5.0;
				TARGETED_DEVICE_FAMILY = "1,2";
			};
			name = Release;
		};
/* End XCBuildConfiguration section */

/* Begin XCConfigurationList section */
		8372DCD12BEA932600F61C34 /* Build configuration list for PBXProject "DrWeather" */ = {
			isa = XCConfigurationList;
			buildConfigurations = (
				8372DCE22BEA932700F61C34 /* Debug */,
				8372DCE32BEA932700F61C34 /* Release */,
			);
			defaultConfigurationIsVisible = 0;
			defaultConfigurationName = Release;
		};
		8372DCE42BEA932700F61C34 /* Build configuration list for PBXNativeTarget "DrWeather" */ = {
			isa = XCConfigurationList;
			buildConfigurations = (
				8372DCE52BEA932700F61C34 /* Debug */,
				8372DCE62BEA932700F61C34 /* Release */,
			);
			defaultConfigurationIsVisible = 0;
			defaultConfigurationName = Release;
		};
/* End XCConfigurationList section */
	};
	rootObject = 8372DCCE2BEA932600F61C34 /* Project object */;
}
